// !$*UTF8*$!
{
	archiveVersion = 1;
	classes = {
	};
	objectVersion = 55;
	objects = {

/* Begin PBXBuildFile section */
		878F0509270ED090001E3A45 /* AppDelegate.swift in Sources */ = {isa = PBXBuildFile; fileRef = 878F0508270ED090001E3A45 /* AppDelegate.swift */; };
		878F050D270ED090001E3A45 /* ViewController.swift in Sources */ = {isa = PBXBuildFile; fileRef = 878F050C270ED090001E3A45 /* ViewController.swift */; };
		878F0510270ED090001E3A45 /* Main.storyboard in Resources */ = {isa = PBXBuildFile; fileRef = 878F050E270ED090001E3A45 /* Main.storyboard */; };
		878F0512270ED092001E3A45 /* Assets.xcassets in Resources */ = {isa = PBXBuildFile; fileRef = 878F0511270ED092001E3A45 /* Assets.xcassets */; };
		878F0515270ED092001E3A45 /* LaunchScreen.storyboard in Resources */ = {isa = PBXBuildFile; fileRef = 878F0513270ED092001E3A45 /* LaunchScreen.storyboard */; };
		878F051D270ED0D4001E3A45 /* LoginForm.swift in Sources */ = {isa = PBXBuildFile; fileRef = 878F051C270ED0D4001E3A45 /* LoginForm.swift */; };
		878F0520270ED12E001E3A45 /* WebKit.framework in Frameworks */ = {isa = PBXBuildFile; fileRef = 878F051F270ED12E001E3A45 /* WebKit.framework */; };
		87E5726A27111F95002A96A8 /* TokenEntity.swift in Sources */ = {isa = PBXBuildFile; fileRef = 87E5726927111F95002A96A8 /* TokenEntity.swift */; };
		87E5726C27111FE2002A96A8 /* OauthInfo.swift in Sources */ = {isa = PBXBuildFile; fileRef = 87E5726B27111FE2002A96A8 /* OauthInfo.swift */; };
/* End PBXBuildFile section */

/* Begin PBXFileReference section */
		878F0505270ED090001E3A45 /* OauthConnect.app */ = {isa = PBXFileReference; explicitFileType = wrapper.application; includeInIndex = 0; path = OauthConnect.app; sourceTree = BUILT_PRODUCTS_DIR; };
		878F0508270ED090001E3A45 /* AppDelegate.swift */ = {isa = PBXFileReference; lastKnownFileType = sourcecode.swift; path = AppDelegate.swift; sourceTree = "<group>"; };
		878F050C270ED090001E3A45 /* ViewController.swift */ = {isa = PBXFileReference; lastKnownFileType = sourcecode.swift; path = ViewController.swift; sourceTree = "<group>"; };
		878F050F270ED090001E3A45 /* Base */ = {isa = PBXFileReference; lastKnownFileType = file.storyboard; name = Base; path = Base.lproj/Main.storyboard; sourceTree = "<group>"; };
		878F0511270ED092001E3A45 /* Assets.xcassets */ = {isa = PBXFileReference; lastKnownFileType = folder.assetcatalog; path = Assets.xcassets; sourceTree = "<group>"; };
		878F0514270ED092001E3A45 /* Base */ = {isa = PBXFileReference; lastKnownFileType = file.storyboard; name = Base; path = Base.lproj/LaunchScreen.storyboard; sourceTree = "<group>"; };
		878F0516270ED092001E3A45 /* Info.plist */ = {isa = PBXFileReference; lastKnownFileType = text.plist.xml; path = Info.plist; sourceTree = "<group>"; };
		878F051C270ED0D4001E3A45 /* LoginForm.swift */ = {isa = PBXFileReference; lastKnownFileType = sourcecode.swift; path = LoginForm.swift; sourceTree = "<group>"; };
		878F051F270ED12E001E3A45 /* WebKit.framework */ = {isa = PBXFileReference; lastKnownFileType = wrapper.framework; name = WebKit.framework; path = System/Library/Frameworks/WebKit.framework; sourceTree = SDKROOT; };
		87E5726927111F95002A96A8 /* TokenEntity.swift */ = {isa = PBXFileReference; lastKnownFileType = sourcecode.swift; path = TokenEntity.swift; sourceTree = "<group>"; };
		87E5726B27111FE2002A96A8 /* OauthInfo.swift */ = {isa = PBXFileReference; lastKnownFileType = sourcecode.swift; path = OauthInfo.swift; sourceTree = "<group>"; };
/* End PBXFileReference section */

/* Begin PBXFrameworksBuildPhase section */
		878F0502270ED08F001E3A45 /* Frameworks */ = {
			isa = PBXFrameworksBuildPhase;
			buildActionMask = 2147483647;
			files = (
				878F0520270ED12E001E3A45 /* WebKit.framework in Frameworks */,
			);
			runOnlyForDeploymentPostprocessing = 0;
		};
/* End PBXFrameworksBuildPhase section */

/* Begin PBXGroup section */
		878F04FC270ED08F001E3A45 = {
			isa = PBXGroup;
			children = (
				878F0507270ED090001E3A45 /* OauthConnect */,
				878F0506270ED090001E3A45 /* Products */,
				878F051E270ED12E001E3A45 /* Frameworks */,
			);
			sourceTree = "<group>";
		};
		878F0506270ED090001E3A45 /* Products */ = {
			isa = PBXGroup;
			children = (
				878F0505270ED090001E3A45 /* OauthConnect.app */,
			);
			name = Products;
			sourceTree = "<group>";
		};
		878F0507270ED090001E3A45 /* OauthConnect */ = {
			isa = PBXGroup;
			children = (
				87E5726827111F6E002A96A8 /* oidc */,
				878F0508270ED090001E3A45 /* AppDelegate.swift */,
				878F050C270ED090001E3A45 /* ViewController.swift */,
				878F050E270ED090001E3A45 /* Main.storyboard */,
				878F0511270ED092001E3A45 /* Assets.xcassets */,
				878F0513270ED092001E3A45 /* LaunchScreen.storyboard */,
				878F0516270ED092001E3A45 /* Info.plist */,
			);
			path = OauthConnect;
			sourceTree = "<group>";
		};
		878F051E270ED12E001E3A45 /* Frameworks */ = {
			isa = PBXGroup;
			children = (
				878F051F270ED12E001E3A45 /* WebKit.framework */,
			);
			name = Frameworks;
			sourceTree = "<group>";
		};
		87E5726827111F6E002A96A8 /* oidc */ = {
			isa = PBXGroup;
			children = (
				878F051C270ED0D4001E3A45 /* LoginForm.swift */,
				87E5726927111F95002A96A8 /* TokenEntity.swift */,
				87E5726B27111FE2002A96A8 /* OauthInfo.swift */,
			);
			path = oidc;
			sourceTree = "<group>";
		};
/* End PBXGroup section */

/* Begin PBXNativeTarget section */
		878F0504270ED08F001E3A45 /* OauthConnect */ = {
			isa = PBXNativeTarget;
			buildConfigurationList = 878F0519270ED092001E3A45 /* Build configuration list for PBXNativeTarget "OauthConnect" */;
			buildPhases = (
				878F0501270ED08F001E3A45 /* Sources */,
				878F0502270ED08F001E3A45 /* Frameworks */,
				878F0503270ED08F001E3A45 /* Resources */,
			);
			buildRules = (
			);
			dependencies = (
			);
			name = OauthConnect;
			productName = OauthConnect;
			productReference = 878F0505270ED090001E3A45 /* OauthConnect.app */;
			productType = "com.apple.product-type.application";
		};
/* End PBXNativeTarget section */

/* Begin PBXProject section */
		878F04FD270ED08F001E3A45 /* Project object */ = {
			isa = PBXProject;
			attributes = {
				BuildIndependentTargetsInParallel = 1;
				LastSwiftUpdateCheck = 1300;
				LastUpgradeCheck = 1300;
				TargetAttributes = {
					878F0504270ED08F001E3A45 = {
						CreatedOnToolsVersion = 13.0;
					};
				};
			};
			buildConfigurationList = 878F0500270ED08F001E3A45 /* Build configuration list for PBXProject "OauthConnect" */;
			compatibilityVersion = "Xcode 13.0";
			developmentRegion = en;
			hasScannedForEncodings = 0;
			knownRegions = (
				en,
				Base,
			);
			mainGroup = 878F04FC270ED08F001E3A45;
			productRefGroup = 878F0506270ED090001E3A45 /* Products */;
			projectDirPath = "";
			projectRoot = "";
			targets = (
				878F0504270ED08F001E3A45 /* OauthConnect */,
			);
		};
/* End PBXProject section */

/* Begin PBXResourcesBuildPhase section */
		878F0503270ED08F001E3A45 /* Resources */ = {
			isa = PBXResourcesBuildPhase;
			buildActionMask = 2147483647;
			files = (
				878F0515270ED092001E3A45 /* LaunchScreen.storyboard in Resources */,
				878F0512270ED092001E3A45 /* Assets.xcassets in Resources */,
				878F0510270ED090001E3A45 /* Main.storyboard in Resources */,
			);
			runOnlyForDeploymentPostprocessing = 0;
		};
/* End PBXResourcesBuildPhase section */

/* Begin PBXSourcesBuildPhase section */
		878F0501270ED08F001E3A45 /* Sources */ = {
			isa = PBXSourcesBuildPhase;
			buildActionMask = 2147483647;
			files = (
				878F050D270ED090001E3A45 /* ViewController.swift in Sources */,
				878F0509270ED090001E3A45 /* AppDelegate.swift in Sources */,
				878F051D270ED0D4001E3A45 /* LoginForm.swift in Sources */,
				87E5726A27111F95002A96A8 /* TokenEntity.swift in Sources */,
				87E5726C27111FE2002A96A8 /* OauthInfo.swift in Sources */,
			);
			runOnlyForDeploymentPostprocessing = 0;
		};
/* End PBXSourcesBuildPhase section */

/* Begin PBXVariantGroup section */
		878F050E270ED090001E3A45 /* Main.storyboard */ = {
			isa = PBXVariantGroup;
			children = (
				878F050F270ED090001E3A45 /* Base */,
			);
			name = Main.storyboard;
			sourceTree = "<group>";
		};
		878F0513270ED092001E3A45 /* LaunchScreen.storyboard */ = {
			isa = PBXVariantGroup;
			children = (
				878F0514270ED092001E3A45 /* Base */,
			);
			name = LaunchScreen.storyboard;
			sourceTree = "<group>";
		};
/* End PBXVariantGroup section */

/* Begin XCBuildConfiguration section */
		878F0517270ED092001E3A45 /* Debug */ = {
			isa = XCBuildConfiguration;
			buildSettings = {
				ALWAYS_SEARCH_USER_PATHS = NO;
				CLANG_ANALYZER_NONNULL = YES;
				CLANG_ANALYZER_NUMBER_OBJECT_CONVERSION = YES_AGGRESSIVE;
				CLANG_CXX_LANGUAGE_STANDARD = "gnu++17";
				CLANG_CXX_LIBRARY = "libc++";
				CLANG_ENABLE_MODULES = YES;
				CLANG_ENABLE_OBJC_ARC = YES;
				CLANG_ENABLE_OBJC_WEAK = YES;
				CLANG_WARN_BLOCK_CAPTURE_AUTORELEASING = YES;
				CLANG_WARN_BOOL_CONVERSION = YES;
				CLANG_WARN_COMMA = YES;
				CLANG_WARN_CONSTANT_CONVERSION = YES;
				CLANG_WARN_DEPRECATED_OBJC_IMPLEMENTATIONS = YES;
				CLANG_WARN_DIRECT_OBJC_ISA_USAGE = YES_ERROR;
				CLANG_WARN_DOCUMENTATION_COMMENTS = YES;
				CLANG_WARN_EMPTY_BODY = YES;
				CLANG_WARN_ENUM_CONVERSION = YES;
				CLANG_WARN_INFINITE_RECURSION = YES;
				CLANG_WARN_INT_CONVERSION = YES;
				CLANG_WARN_NON_LITERAL_NULL_CONVERSION = YES;
				CLANG_WARN_OBJC_IMPLICIT_RETAIN_SELF = YES;
				CLANG_WARN_OBJC_LITERAL_CONVERSION = YES;
				CLANG_WARN_OBJC_ROOT_CLASS = YES_ERROR;
				CLANG_WARN_QUOTED_INCLUDE_IN_FRAMEWORK_HEADER = YES;
				CLANG_WARN_RANGE_LOOP_ANALYSIS = YES;
				CLANG_WARN_STRICT_PROTOTYPES = YES;
				CLANG_WARN_SUSPICIOUS_MOVE = YES;
				CLANG_WARN_UNGUARDED_AVAILABILITY = YES_AGGRESSIVE;
				CLANG_WARN_UNREACHABLE_CODE = YES;
				CLANG_WARN__DUPLICATE_METHOD_MATCH = YES;
				COPY_PHASE_STRIP = NO;
				DEBUG_INFORMATION_FORMAT = dwarf;
				ENABLE_STRICT_OBJC_MSGSEND = YES;
				ENABLE_TESTABILITY = YES;
				GCC_C_LANGUAGE_STANDARD = gnu11;
				GCC_DYNAMIC_NO_PIC = NO;
				GCC_NO_COMMON_BLOCKS = YES;
				GCC_OPTIMIZATION_LEVEL = 0;
				GCC_PREPROCESSOR_DEFINITIONS = (
					"DEBUG=1",
					"$(inherited)",
				);
				GCC_WARN_64_TO_32_BIT_CONVERSION = YES;
				GCC_WARN_ABOUT_RETURN_TYPE = YES_ERROR;
				GCC_WARN_UNDECLARED_SELECTOR = YES;
				GCC_WARN_UNINITIALIZED_AUTOS = YES_AGGRESSIVE;
				GCC_WARN_UNUSED_FUNCTION = YES;
				GCC_WARN_UNUSED_VARIABLE = YES;
				IPHONEOS_DEPLOYMENT_TARGET = 12.0;
				MTL_ENABLE_DEBUG_INFO = INCLUDE_SOURCE;
				MTL_FAST_MATH = YES;
				ONLY_ACTIVE_ARCH = YES;
				SDKROOT = iphoneos;
				SWIFT_ACTIVE_COMPILATION_CONDITIONS = DEBUG;
				SWIFT_OPTIMIZATION_LEVEL = "-Onone";
			};
			name = Debug;
		};
		878F0518270ED092001E3A45 /* Release */ = {
			isa = XCBuildConfiguration;
			buildSettings = {
				ALWAYS_SEARCH_USER_PATHS = NO;
				CLANG_ANALYZER_NONNULL = YES;
				CLANG_ANALYZER_NUMBER_OBJECT_CONVERSION = YES_AGGRESSIVE;
				CLANG_CXX_LANGUAGE_STANDARD = "gnu++17";
				CLANG_CXX_LIBRARY = "libc++";
				CLANG_ENABLE_MODULES = YES;
				CLANG_ENABLE_OBJC_ARC = YES;
				CLANG_ENABLE_OBJC_WEAK = YES;
				CLANG_WARN_BLOCK_CAPTURE_AUTORELEASING = YES;
				CLANG_WARN_BOOL_CONVERSION = YES;
				CLANG_WARN_COMMA = YES;
				CLANG_WARN_CONSTANT_CONVERSION = YES;
				CLANG_WARN_DEPRECATED_OBJC_IMPLEMENTATIONS = YES;
				CLANG_WARN_DIRECT_OBJC_ISA_USAGE = YES_ERROR;
				CLANG_WARN_DOCUMENTATION_COMMENTS = YES;
				CLANG_WARN_EMPTY_BODY = YES;
				CLANG_WARN_ENUM_CONVERSION = YES;
				CLANG_WARN_INFINITE_RECURSION = YES;
				CLANG_WARN_INT_CONVERSION = YES;
				CLANG_WARN_NON_LITERAL_NULL_CONVERSION = YES;
				CLANG_WARN_OBJC_IMPLICIT_RETAIN_SELF = YES;
				CLANG_WARN_OBJC_LITERAL_CONVERSION = YES;
				CLANG_WARN_OBJC_ROOT_CLASS = YES_ERROR;
				CLANG_WARN_QUOTED_INCLUDE_IN_FRAMEWORK_HEADER = YES;
				CLANG_WARN_RANGE_LOOP_ANALYSIS = YES;
				CLANG_WARN_STRICT_PROTOTYPES = YES;
				CLANG_WARN_SUSPICIOUS_MOVE = YES;
				CLANG_WARN_UNGUARDED_AVAILABILITY = YES_AGGRESSIVE;
				CLANG_WARN_UNREACHABLE_CODE = YES;
				CLANG_WARN__DUPLICATE_METHOD_MATCH = YES;
				COPY_PHASE_STRIP = NO;
				DEBUG_INFORMATION_FORMAT = "dwarf-with-dsym";
				ENABLE_NS_ASSERTIONS = NO;
				ENABLE_STRICT_OBJC_MSGSEND = YES;
				GCC_C_LANGUAGE_STANDARD = gnu11;
				GCC_NO_COMMON_BLOCKS = YES;
				GCC_WARN_64_TO_32_BIT_CONVERSION = YES;
				GCC_WARN_ABOUT_RETURN_TYPE = YES_ERROR;
				GCC_WARN_UNDECLARED_SELECTOR = YES;
				GCC_WARN_UNINITIALIZED_AUTOS = YES_AGGRESSIVE;
				GCC_WARN_UNUSED_FUNCTION = YES;
				GCC_WARN_UNUSED_VARIABLE = YES;
				IPHONEOS_DEPLOYMENT_TARGET = 12.0;
				MTL_ENABLE_DEBUG_INFO = NO;
				MTL_FAST_MATH = YES;
				SDKROOT = iphoneos;
				SWIFT_COMPILATION_MODE = wholemodule;
				SWIFT_OPTIMIZATION_LEVEL = "-O";
				VALIDATE_PRODUCT = YES;
			};
			name = Release;
		};
		878F051A270ED092001E3A45 /* Debug */ = {
			isa = XCBuildConfiguration;
			buildSettings = {
				ASSETCATALOG_COMPILER_APPICON_NAME = AppIcon;
				ASSETCATALOG_COMPILER_GLOBAL_ACCENT_COLOR_NAME = AccentColor;
				CODE_SIGN_STYLE = Automatic;
				CURRENT_PROJECT_VERSION = 1;
				GENERATE_INFOPLIST_FILE = YES;
				INFOPLIST_FILE = OauthConnect/Info.plist;
				INFOPLIST_KEY_UIApplicationSupportsIndirectInputEvents = YES;
				INFOPLIST_KEY_UILaunchStoryboardName = LaunchScreen;
				INFOPLIST_KEY_UIMainStoryboardFile = Main;
				INFOPLIST_KEY_UISupportedInterfaceOrientations_iPad = "UIInterfaceOrientationPortrait UIInterfaceOrientationPortraitUpsideDown UIInterfaceOrientationLandscapeLeft UIInterfaceOrientationLandscapeRight";
				INFOPLIST_KEY_UISupportedInterfaceOrientations_iPhone = "UIInterfaceOrientationPortrait UIInterfaceOrientationLandscapeLeft UIInterfaceOrientationLandscapeRight";
				IPHONEOS_DEPLOYMENT_TARGET = 12.0;
				LD_RUNPATH_SEARCH_PATHS = (
					"$(inherited)",
					"@executable_path/Frameworks",
				);
				MARKETING_VERSION = 1.0;
				PRODUCT_BUNDLE_IDENTIFIER = vn.tbv.OauthConnect;
				PRODUCT_NAME = "$(TARGET_NAME)";
				SWIFT_EMIT_LOC_STRINGS = YES;
				SWIFT_VERSION = 5.0;
				TARGETED_DEVICE_FAMILY = "1,2";
			};
			name = Debug;
		};
		878F051B270ED092001E3A45 /* Release */ = {
			isa = XCBuildConfiguration;
			buildSettings = {
				ASSETCATALOG_COMPILER_APPICON_NAME = AppIcon;
				ASSETCATALOG_COMPILER_GLOBAL_ACCENT_COLOR_NAME = AccentColor;
				CODE_SIGN_STYLE = Automatic;
				CURRENT_PROJECT_VERSION = 1;
				GENERATE_INFOPLIST_FILE = YES;
				INFOPLIST_FILE = OauthConnect/Info.plist;
				INFOPLIST_KEY_UIApplicationSupportsIndirectInputEvents = YES;
				INFOPLIST_KEY_UILaunchStoryboardName = LaunchScreen;
				INFOPLIST_KEY_UIMainStoryboardFile = Main;
				INFOPLIST_KEY_UISupportedInterfaceOrientations_iPad = "UIInterfaceOrientationPortrait UIInterfaceOrientationPortraitUpsideDown UIInterfaceOrientationLandscapeLeft UIInterfaceOrientationLandscapeRight";
				INFOPLIST_KEY_UISupportedInterfaceOrientations_iPhone = "UIInterfaceOrientationPortrait UIInterfaceOrientationLandscapeLeft UIInterfaceOrientationLandscapeRight";
				IPHONEOS_DEPLOYMENT_TARGET = 12.0;
				LD_RUNPATH_SEARCH_PATHS = (
					"$(inherited)",
					"@executable_path/Frameworks",
				);
				MARKETING_VERSION = 1.0;
				PRODUCT_BUNDLE_IDENTIFIER = vn.tbv.OauthConnect;
				PRODUCT_NAME = "$(TARGET_NAME)";
				SWIFT_EMIT_LOC_STRINGS = YES;
				SWIFT_VERSION = 5.0;
				TARGETED_DEVICE_FAMILY = "1,2";
			};
			name = Release;
		};
/* End XCBuildConfiguration section */

/* Begin XCConfigurationList section */
		878F0500270ED08F001E3A45 /* Build configuration list for PBXProject "OauthConnect" */ = {
			isa = XCConfigurationList;
			buildConfigurations = (
				878F0517270ED092001E3A45 /* Debug */,
				878F0518270ED092001E3A45 /* Release */,
			);
			defaultConfigurationIsVisible = 0;
			defaultConfigurationName = Release;
		};
		878F0519270ED092001E3A45 /* Build configuration list for PBXNativeTarget "OauthConnect" */ = {
			isa = XCConfigurationList;
			buildConfigurations = (
				878F051A270ED092001E3A45 /* Debug */,
				878F051B270ED092001E3A45 /* Release */,
			);
			defaultConfigurationIsVisible = 0;
			defaultConfigurationName = Release;
		};
/* End XCConfigurationList section */
	};
	rootObject = 878F04FD270ED08F001E3A45 /* Project object */;
}
